{
  "name": "parser",
  "version": "1.0.0",
  "lockfileVersion": 1,
  "requires": true,
  "dependencies": {
    "events": {
      "version": "3.3.0",
      "resolved": "https://registry.npmjs.org/events/-/events-3.3.0.tgz",
      "integrity": "sha512-mQw+2fkQbALzQ7V0MY0IqdnXNOeTtP4r0lN9z7AAawCXgqea7bDii20AYrIBrFd/Hx0M2Ocz6S111CaFkUcb0Q=="
    },
    "fs": {
      "version": "0.0.1-security",
      "resolved": "https://registry.npmjs.org/fs/-/fs-0.0.1-security.tgz",
      "integrity": "sha1-invTcYa23d84E/I4WLV+yq9eQdQ="
    },
    "gexf": {
      "version": "0.2.6",
      "resolved": "https://registry.npmjs.org/gexf/-/gexf-0.2.6.tgz",
      "integrity": "sha512-175on6JJHGVc8ZvhjPl8gWq16RO+EojyVMuGMWHRkrJJ6H1d7s4PleGg9b4uFqVg3rexppjLqlpcji5wgAO46A==",
      "requires": {
        "xmldom": "~0.1.19"
      },
      "dependencies": {
        "xmldom": {
          "version": "0.1.31",
          "resolved": "https://registry.npmjs.org/xmldom/-/xmldom-0.1.31.tgz",
          "integrity": "sha512-yS2uJflVQs6n+CyjHoaBmVSqIDevTAWrzMmjG1Gc7h1qQ7uVozNhEPJAwZXWyGQ/Gafo3fCwrcaokezLPupVyQ=="
        }
      }
    },
    "graphology": {
      "version": "0.21.1",
      "resolved": "https://registry.npmjs.org/graphology/-/graphology-0.21.1.tgz",
      "integrity": "sha512-XCWNarKe99COqjk2D1WIDzZ8Yx9g2N/5NcV38egbvP9Hoh4ePblR02Wtr6ZCu2RshxeFRo0WkBlXxLX3QAhdTA==",
      "requires": {
        "events": "^3.3.0",
        "obliterator": "^1.6.1"
      }
    },
    "graphology-gexf": {
      "version": "0.8.1",
      "resolved": "https://registry.npmjs.org/graphology-gexf/-/graphology-gexf-0.8.1.tgz",
      "integrity": "sha512-hfMwu7reu/TjoSJ8ITQTyMlo8JZgh58bZbPwzDMXv96AfD9VE3AFopdLykGd5qkXNkg4cXW2OOV3K9BOJf8cTw==",
      "requires": {
        "graphology-utils": "^2.1.0",
        "xml-writer": "^1.7.0",
        "xmldom": "^0.6.0"
      }
    },
    "graphology-utils": {
      "version": "2.1.2",
      "resolved": "https://registry.npmjs.org/graphology-utils/-/graphology-utils-2.1.2.tgz",
      "integrity": "sha512-/GI90k+7yhX6p6tm5Nsz+4Bv+d+Du1meqLk5vqrTku8KBMhegk8S/4yNmB8buMW/O7KObjiZVn4vEn40m9h+jA=="
    },
    "obliterator": {
      "version": "1.6.1",
      "resolved": "https://registry.npmjs.org/obliterator/-/obliterator-1.6.1.tgz",
      "integrity": "sha512-9WXswnqINnnhOG/5SLimUlzuU1hFJUc8zkwyD59Sd+dPOMf05PmnYG/d6Q7HZ+KmgkZJa1PxRso6QdM3sTNHig=="
    },
    "xml-writer": {
      "version": "1.7.0",
      "resolved": "https://registry.npmjs.org/xml-writer/-/xml-writer-1.7.0.tgz",
      "integrity": "sha1-t28dWRwWomNOvbcDx729D9aBkGU="
    },
    "xmldom": {
      "version": "0.6.0",
      "resolved": "https://registry.npmjs.org/xmldom/-/xmldom-0.6.0.tgz",
      "integrity": "sha512-iAcin401y58LckRZ0TkI4k0VSM1Qg0KGSc3i8rU+xrxe19A/BN1zHyVSJY7uoutVlaTSzYyk/v5AmkewAP7jtg=="
    }
  }
}
